
Microsoft Visual Studio Solution File, Format Version 12.00
# Visual Studio Version 17
VisualStudioVersion = 17.10.35013.160
MinimumVisualStudioVersion = 10.0.40219.1
Project("{FAE04EC0-301F-11D3-BF4B-00C04F79EFBC}") = "Filmy", "Filmy\Filmy.csproj", "{49F3BF57-105A-4FE0-A3E5-87B5B7882B1E}"
EndProject
Global
	GlobalSection(SolutionConfigurationPlatforms) = preSolution
		Debug|Any CPU = Debug|Any CPU
		Release|Any CPU = Release|Any CPU
	EndGlobalSection
	GlobalSection(ProjectConfigurationPlatforms) = postSolution
		{49F3BF57-105A-4FE0-A3E5-87B5B7882B1E}.Debug|Any CPU.ActiveCfg = Debug|Any CPU
		{49F3BF57-105A-4FE0-A3E5-87B5B7882B1E}.Debug|Any CPU.Build.0 = Debug|Any CPU
		{49F3BF57-105A-4FE0-A3E5-87B5B7882B1E}.Release|Any CPU.ActiveCfg = Release|Any CPU
		{49F3BF57-105A-4FE0-A3E5-87B5B7882B1E}.Release|Any CPU.Build.0 = Release|Any CPU
	EndGlobalSection
	GlobalSection(SolutionProperties) = preSolution
		HideSolutionNode = FALSE
	EndGlobalSection
	GlobalSection(ExtensibilityGlobals) = postSolution
		SolutionGuid = {7CC2C201-A956-40D6-8919-AA09ECCB9EF4}
	EndGlobalSection
EndGlobal
